// !$*UTF8*$!
{
	archiveVersion = 1;
	classes = {
	};
	objectVersion = 46;
	objects = {

/* Begin PBXBuildFile section */
		69F4BD5619A384AF007CB77E /* main.cc in Sources */ = {isa = PBXBuildFile; fileRef = 69F4BD3C19A384AF007CB77E /* main.cc */; };
		69F4BD6319A384AF007CB77E /* zip_archive.cc in Sources */ = {isa = PBXBuildFile; fileRef = 69F4BD5419A384AF007CB77E /* zip_archive.cc */; };
/* End PBXBuildFile section */

/* Begin PBXCopyFilesBuildPhase section */
		69F4BD2E19A38425007CB77E /* CopyFiles */ = {
			isa = PBXCopyFilesBuildPhase;
			buildActionMask = 2147483647;
			dstPath = /usr/share/man/man1/;
			dstSubfolderSpec = 0;
			files = (
			);
			runOnlyForDeploymentPostprocessing = 1;
		};
/* End PBXCopyFilesBuildPhase section */

/* Begin PBXFileReference section */
		69F4BD3019A38425007CB77E /* unzip2mem */ = {isa = PBXFileReference; explicitFileType = "compiled.mach-o.executable"; includeInIndex = 0; path = unzip2mem; sourceTree = BUILT_PRODUCTS_DIR; };
		69F4BD3C19A384AF007CB77E /* main.cc */ = {isa = PBXFileReference; fileEncoding = 4; lastKnownFileType = sourcecode.cpp.cpp; path = main.cc; sourceTree = "<group>"; };
		69F4BD3D19A384AF007CB77E /* Makefile */ = {isa = PBXFileReference; fileEncoding = 4; lastKnownFileType = sourcecode.make; path = Makefile; sourceTree = "<group>"; };
		69F4BD3E19A384AF007CB77E /* os_linux.cc */ = {isa = PBXFileReference; fileEncoding = 4; lastKnownFileType = sourcecode.cpp.cpp; path = os_linux.cc; sourceTree = "<group>"; };
		69F4BD3F19A384AF007CB77E /* os.h */ = {isa = PBXFileReference; fileEncoding = 4; lastKnownFileType = sourcecode.c.h; path = os.h; sourceTree = "<group>"; };
		69F4BD4019A384AF007CB77E /* UniquePtr.h */ = {isa = PBXFileReference; fileEncoding = 4; lastKnownFileType = sourcecode.c.h; path = UniquePtr.h; sourceTree = "<group>"; };
		69F4BD5419A384AF007CB77E /* zip_archive.cc */ = {isa = PBXFileReference; fileEncoding = 4; lastKnownFileType = sourcecode.cpp.cpp; path = zip_archive.cc; sourceTree = "<group>"; };
		69F4BD5519A384AF007CB77E /* zip_archive.h */ = {isa = PBXFileReference; fileEncoding = 4; lastKnownFileType = sourcecode.c.h; path = zip_archive.h; sourceTree = "<group>"; };
		69F4BD6419A38565007CB77E /* logging.cc */ = {isa = PBXFileReference; fileEncoding = 4; lastKnownFileType = sourcecode.cpp.cpp; path = logging.cc; sourceTree = "<group>"; };
		69F4BD6519A38565007CB77E /* logging.h */ = {isa = PBXFileReference; fileEncoding = 4; lastKnownFileType = sourcecode.c.h; path = logging.h; sourceTree = "<group>"; };
		69F4BD6619A38565007CB77E /* macros.h */ = {isa = PBXFileReference; fileEncoding = 4; lastKnownFileType = sourcecode.c.h; path = macros.h; sourceTree = "<group>"; };
		69F4BD6819A3865F007CB77E /* atomic_integer.h */ = {isa = PBXFileReference; fileEncoding = 4; lastKnownFileType = sourcecode.c.h; path = atomic_integer.h; sourceTree = "<group>"; };
		69F4BD6919A3865F007CB77E /* globals.h */ = {isa = PBXFileReference; fileEncoding = 4; lastKnownFileType = sourcecode.c.h; path = globals.h; sourceTree = "<group>"; };
		69F4BD6C19A3865F007CB77E /* log_severity.h */ = {isa = PBXFileReference; fileEncoding = 4; lastKnownFileType = sourcecode.c.h; path = log_severity.h; sourceTree = "<group>"; };
		69F4BD6F19A3865F007CB77E /* stringpiece.cc */ = {isa = PBXFileReference; fileEncoding = 4; lastKnownFileType = sourcecode.cpp.cpp; path = stringpiece.cc; sourceTree = "<group>"; };
		69F4BD7019A3865F007CB77E /* stringpiece.h */ = {isa = PBXFileReference; fileEncoding = 4; lastKnownFileType = sourcecode.c.h; path = stringpiece.h; sourceTree = "<group>"; };
		69F4BD7219A3865F007CB77E /* README */ = {isa = PBXFileReference; fileEncoding = 4; lastKnownFileType = text; path = README; sourceTree = "<group>"; };
		69F4BD7319A3865F007CB77E /* fd_file.cc */ = {isa = PBXFileReference; fileEncoding = 4; lastKnownFileType = sourcecode.cpp.cpp; path = fd_file.cc; sourceTree = "<group>"; };
		69F4BD7419A3865F007CB77E /* fd_file.h */ = {isa = PBXFileReference; fileEncoding = 4; lastKnownFileType = sourcecode.c.h; path = fd_file.h; sourceTree = "<group>"; };
		69F4BD7519A3865F007CB77E /* mapped_file.cc */ = {isa = PBXFileReference; fileEncoding = 4; lastKnownFileType = sourcecode.cpp.cpp; path = mapped_file.cc; sourceTree = "<group>"; };
		69F4BD7619A3865F007CB77E /* mapped_file.h */ = {isa = PBXFileReference; fileEncoding = 4; lastKnownFileType = sourcecode.c.h; path = mapped_file.h; sourceTree = "<group>"; };
		69F4BD7719A3865F007CB77E /* null_file.cc */ = {isa = PBXFileReference; fileEncoding = 4; lastKnownFileType = sourcecode.cpp.cpp; path = null_file.cc; sourceTree = "<group>"; };
		69F4BD7819A3865F007CB77E /* null_file.h */ = {isa = PBXFileReference; fileEncoding = 4; lastKnownFileType = sourcecode.c.h; path = null_file.h; sourceTree = "<group>"; };
		69F4BD7919A3865F007CB77E /* random_access_file.h */ = {isa = PBXFileReference; fileEncoding = 4; lastKnownFileType = sourcecode.c.h; path = random_access_file.h; sourceTree = "<group>"; };
		69F4BD7A19A3865F007CB77E /* random_access_file_utils.cc */ = {isa = PBXFileReference; fileEncoding = 4; lastKnownFileType = sourcecode.cpp.cpp; path = random_access_file_utils.cc; sourceTree = "<group>"; };
		69F4BD7B19A3865F007CB77E /* random_access_file_utils.h */ = {isa = PBXFileReference; fileEncoding = 4; lastKnownFileType = sourcecode.c.h; path = random_access_file_utils.h; sourceTree = "<group>"; };
		69F4BD7C19A3865F007CB77E /* string_file.cc */ = {isa = PBXFileReference; fileEncoding = 4; lastKnownFileType = sourcecode.cpp.cpp; path = string_file.cc; sourceTree = "<group>"; };
		69F4BD7D19A3865F007CB77E /* string_file.h */ = {isa = PBXFileReference; fileEncoding = 4; lastKnownFileType = sourcecode.c.h; path = string_file.h; sourceTree = "<group>"; };
/* End PBXFileReference section */

/* Begin PBXFrameworksBuildPhase section */
		69F4BD2D19A38425007CB77E /* Frameworks */ = {
			isa = PBXFrameworksBuildPhase;
			buildActionMask = 2147483647;
			files = (
			);
			runOnlyForDeploymentPostprocessing = 0;
		};
/* End PBXFrameworksBuildPhase section */

/* Begin PBXGroup section */
		69F4BD2719A38425007CB77E = {
			isa = PBXGroup;
			children = (
				69F4BD6819A3865F007CB77E /* atomic_integer.h */,
				69F4BD6919A3865F007CB77E /* globals.h */,
				69F4BD6C19A3865F007CB77E /* log_severity.h */,
				69F4BD6F19A3865F007CB77E /* stringpiece.cc */,
				69F4BD7019A3865F007CB77E /* stringpiece.h */,
				69F4BD6419A38565007CB77E /* logging.cc */,
				69F4BD6519A38565007CB77E /* logging.h */,
				69F4BD6619A38565007CB77E /* macros.h */,
				69F4BD3C19A384AF007CB77E /* main.cc */,
				69F4BD3D19A384AF007CB77E /* Makefile */,
				69F4BD3E19A384AF007CB77E /* os_linux.cc */,
				69F4BD3F19A384AF007CB77E /* os.h */,
				69F4BD4019A384AF007CB77E /* UniquePtr.h */,
				69F4BD5419A384AF007CB77E /* zip_archive.cc */,
				69F4BD5519A384AF007CB77E /* zip_archive.h */,
				69F4BD7119A3865F007CB77E /* unix_file */,
				69F4BD3119A38425007CB77E /* Products */,
			);
			sourceTree = "<group>";
		};
		69F4BD3119A38425007CB77E /* Products */ = {
			isa = PBXGroup;
			children = (
				69F4BD3019A38425007CB77E /* unzip2mem */,
			);
			name = Products;
			sourceTree = "<group>";
		};
		69F4BD7119A3865F007CB77E /* unix_file */ = {
			isa = PBXGroup;
			children = (
				69F4BD7219A3865F007CB77E /* README */,
				69F4BD7319A3865F007CB77E /* fd_file.cc */,
				69F4BD7419A3865F007CB77E /* fd_file.h */,
				69F4BD7519A3865F007CB77E /* mapped_file.cc */,
				69F4BD7619A3865F007CB77E /* mapped_file.h */,
				69F4BD7719A3865F007CB77E /* null_file.cc */,
				69F4BD7819A3865F007CB77E /* null_file.h */,
				69F4BD7919A3865F007CB77E /* random_access_file.h */,
				69F4BD7A19A3865F007CB77E /* random_access_file_utils.cc */,
				69F4BD7B19A3865F007CB77E /* random_access_file_utils.h */,
				69F4BD7C19A3865F007CB77E /* string_file.cc */,
				69F4BD7D19A3865F007CB77E /* string_file.h */,
			);
			path = unix_file;
			sourceTree = "<group>";
		};
/* End PBXGroup section */

/* Begin PBXNativeTarget section */
		69F4BD2F19A38425007CB77E /* unzip2mem */ = {
			isa = PBXNativeTarget;
			buildConfigurationList = 69F4BD3919A38425007CB77E /* Build configuration list for PBXNativeTarget "unzip2mem" */;
			buildPhases = (
				69F4BD2C19A38425007CB77E /* Sources */,
				69F4BD2D19A38425007CB77E /* Frameworks */,
				69F4BD2E19A38425007CB77E /* CopyFiles */,
			);
			buildRules = (
			);
			dependencies = (
			);
			name = unzip2mem;
			productName = unzip2mem;
			productReference = 69F4BD3019A38425007CB77E /* unzip2mem */;
			productType = "com.apple.product-type.tool";
		};
/* End PBXNativeTarget section */

/* Begin PBXProject section */
		69F4BD2819A38425007CB77E /* Project object */ = {
			isa = PBXProject;
			attributes = {
				LastUpgradeCheck = 0510;
				ORGANIZATIONNAME = "Inblenix Inc.";
			};
			buildConfigurationList = 69F4BD2B19A38425007CB77E /* Build configuration list for PBXProject "unzip2mem" */;
			compatibilityVersion = "Xcode 3.2";
			developmentRegion = English;
			hasScannedForEncodings = 0;
			knownRegions = (
				en,
			);
			mainGroup = 69F4BD2719A38425007CB77E;
			productRefGroup = 69F4BD3119A38425007CB77E /* Products */;
			projectDirPath = "";
			projectRoot = "";
			targets = (
				69F4BD2F19A38425007CB77E /* unzip2mem */,
			);
		};
/* End PBXProject section */

/* Begin PBXSourcesBuildPhase section */
		69F4BD2C19A38425007CB77E /* Sources */ = {
			isa = PBXSourcesBuildPhase;
			buildActionMask = 2147483647;
			files = (
				69F4BD6319A384AF007CB77E /* zip_archive.cc in Sources */,
				69F4BD5619A384AF007CB77E /* main.cc in Sources */,
			);
			runOnlyForDeploymentPostprocessing = 0;
		};
/* End PBXSourcesBuildPhase section */

/* Begin XCBuildConfiguration section */
		69F4BD3719A38425007CB77E /* Debug */ = {
			isa = XCBuildConfiguration;
			buildSettings = {
				ALWAYS_SEARCH_USER_PATHS = NO;
				CLANG_CXX_LANGUAGE_STANDARD = "gnu++0x";
				CLANG_CXX_LIBRARY = "libc++";
				CLANG_ENABLE_MODULES = YES;
				CLANG_ENABLE_OBJC_ARC = YES;
				CLANG_WARN_BOOL_CONVERSION = YES;
				CLANG_WARN_CONSTANT_CONVERSION = YES;
				CLANG_WARN_DIRECT_OBJC_ISA_USAGE = YES_ERROR;
				CLANG_WARN_EMPTY_BODY = YES;
				CLANG_WARN_ENUM_CONVERSION = YES;
				CLANG_WARN_INT_CONVERSION = YES;
				CLANG_WARN_OBJC_ROOT_CLASS = YES_ERROR;
				CLANG_WARN__DUPLICATE_METHOD_MATCH = YES;
				COPY_PHASE_STRIP = NO;
				GCC_C_LANGUAGE_STANDARD = gnu99;
				GCC_DYNAMIC_NO_PIC = NO;
				GCC_ENABLE_OBJC_EXCEPTIONS = YES;
				GCC_OPTIMIZATION_LEVEL = 0;
				GCC_PREPROCESSOR_DEFINITIONS = (
					"DEBUG=1",
					"$(inherited)",
				);
				GCC_SYMBOLS_PRIVATE_EXTERN = NO;
				GCC_WARN_64_TO_32_BIT_CONVERSION = YES;
				GCC_WARN_ABOUT_RETURN_TYPE = YES_ERROR;
				GCC_WARN_UNDECLARED_SELECTOR = YES;
				GCC_WARN_UNINITIALIZED_AUTOS = YES_AGGRESSIVE;
				GCC_WARN_UNUSED_FUNCTION = YES;
				GCC_WARN_UNUSED_VARIABLE = YES;
				MACOSX_DEPLOYMENT_TARGET = 10.9;
				ONLY_ACTIVE_ARCH = YES;
				SDKROOT = macosx;
			};
			name = Debug;
		};
		69F4BD3819A38425007CB77E /* Release */ = {
			isa = XCBuildConfiguration;
			buildSettings = {
				ALWAYS_SEARCH_USER_PATHS = NO;
				CLANG_CXX_LANGUAGE_STANDARD = "gnu++0x";
				CLANG_CXX_LIBRARY = "libc++";
				CLANG_ENABLE_MODULES = YES;
				CLANG_ENABLE_OBJC_ARC = YES;
				CLANG_WARN_BOOL_CONVERSION = YES;
				CLANG_WARN_CONSTANT_CONVERSION = YES;
				CLANG_WARN_DIRECT_OBJC_ISA_USAGE = YES_ERROR;
				CLANG_WARN_EMPTY_BODY = YES;
				CLANG_WARN_ENUM_CONVERSION = YES;
				CLANG_WARN_INT_CONVERSION = YES;
				CLANG_WARN_OBJC_ROOT_CLASS = YES_ERROR;
				CLANG_WARN__DUPLICATE_METHOD_MATCH = YES;
				COPY_PHASE_STRIP = YES;
				DEBUG_INFORMATION_FORMAT = "dwarf-with-dsym";
				ENABLE_NS_ASSERTIONS = NO;
				GCC_C_LANGUAGE_STANDARD = gnu99;
				GCC_ENABLE_OBJC_EXCEPTIONS = YES;
				GCC_WARN_64_TO_32_BIT_CONVERSION = YES;
				GCC_WARN_ABOUT_RETURN_TYPE = YES_ERROR;
				GCC_WARN_UNDECLARED_SELECTOR = YES;
				GCC_WARN_UNINITIALIZED_AUTOS = YES_AGGRESSIVE;
				GCC_WARN_UNUSED_FUNCTION = YES;
				GCC_WARN_UNUSED_VARIABLE = YES;
				MACOSX_DEPLOYMENT_TARGET = 10.9;
				SDKROOT = macosx;
			};
			name = Release;
		};
		69F4BD3A19A38425007CB77E /* Debug */ = {
			isa = XCBuildConfiguration;
			buildSettings = {
				HEADER_SEARCH_PATHS = (
					"$(inherited)",
					/Applications/Xcode.app/Contents/Developer/Toolchains/XcodeDefault.xctoolchain/usr/include,
					cutils,
					unix_file,
				);
				OTHER_CPLUSPLUSFLAGS = (
					"$(OTHER_CFLAGS)",
					"-DANDROID_SMP",
				);
				PRODUCT_NAME = "$(TARGET_NAME)";
			};
			name = Debug;
		};
		69F4BD3B19A38425007CB77E /* Release */ = {
			isa = XCBuildConfiguration;
			buildSettings = {
				HEADER_SEARCH_PATHS = (
					"$(inherited)",
					/Applications/Xcode.app/Contents/Developer/Toolchains/XcodeDefault.xctoolchain/usr/include,
					cutils,
					unix_file,
				);
				OTHER_CPLUSPLUSFLAGS = (
					"$(OTHER_CFLAGS)",
					"-DANDROID_SMP",
				);
				PRODUCT_NAME = "$(TARGET_NAME)";
			};
			name = Release;
		};
/* End XCBuildConfiguration section */

/* Begin XCConfigurationList section */
		69F4BD2B19A38425007CB77E /* Build configuration list for PBXProject "unzip2mem" */ = {
			isa = XCConfigurationList;
			buildConfigurations = (
				69F4BD3719A38425007CB77E /* Debug */,
				69F4BD3819A38425007CB77E /* Release */,
			);
			defaultConfigurationIsVisible = 0;
			defaultConfigurationName = Release;
		};
		69F4BD3919A38425007CB77E /* Build configuration list for PBXNativeTarget "unzip2mem" */ = {
			isa = XCConfigurationList;
			buildConfigurations = (
				69F4BD3A19A38425007CB77E /* Debug */,
				69F4BD3B19A38425007CB77E /* Release */,
			);
			defaultConfigurationIsVisible = 0;
			defaultConfigurationName = Release;
		};
/* End XCConfigurationList section */
	};
	rootObject = 69F4BD2819A38425007CB77E /* Project object */;
}
